
Microsoft Visual Studio Solution File, Format Version 12.00
# Visual Studio 2013
VisualStudioVersion = 12.0.31101.0
MinimumVisualStudioVersion = 10.0.40219.1
Project("{FAE04EC0-301F-11D3-BF4B-00C04F79EFBC}") = "Pepo.Howto", "howto\Pepo.Howto.csproj", "{3D0F704C-1117-476B-9566-AB917E3709C2}"
EndProject
Project("{FAE04EC0-301F-11D3-BF4B-00C04F79EFBC}") = "Pepo.Lib", "PepoLibrary\Pepo.Lib.csproj", "{4BBD586C-A135-4F27-9DE1-8B1DF3B4A34E}"
EndProject
Project("{FAE04EC0-301F-11D3-BF4B-00C04F79EFBC}") = "Testing", "Testing\Testing.csproj", "{CAAF7DF3-067A-48C7-BD09-3BC90BEB1A14}"
EndProject
Global
	GlobalSection(SolutionConfigurationPlatforms) = preSolution
		Debug|Any CPU = Debug|Any CPU
		Release|Any CPU = Release|Any CPU
	EndGlobalSection
	GlobalSection(ProjectConfigurationPlatforms) = postSolution
		{3D0F704C-1117-476B-9566-AB917E3709C2}.Debug|Any CPU.ActiveCfg = Debug|Any CPU
		{3D0F704C-1117-476B-9566-AB917E3709C2}.Debug|Any CPU.Build.0 = Debug|Any CPU
		{3D0F704C-1117-476B-9566-AB917E3709C2}.Release|Any CPU.ActiveCfg = Release|Any CPU
		{3D0F704C-1117-476B-9566-AB917E3709C2}.Release|Any CPU.Build.0 = Release|Any CPU
		{4BBD586C-A135-4F27-9DE1-8B1DF3B4A34E}.Debug|Any CPU.ActiveCfg = Debug|Any CPU
		{4BBD586C-A135-4F27-9DE1-8B1DF3B4A34E}.Debug|Any CPU.Build.0 = Debug|Any CPU
		{4BBD586C-A135-4F27-9DE1-8B1DF3B4A34E}.Release|Any CPU.ActiveCfg = Release|Any CPU
		{4BBD586C-A135-4F27-9DE1-8B1DF3B4A34E}.Release|Any CPU.Build.0 = Release|Any CPU
		{CAAF7DF3-067A-48C7-BD09-3BC90BEB1A14}.Debug|Any CPU.ActiveCfg = Debug|Any CPU
		{CAAF7DF3-067A-48C7-BD09-3BC90BEB1A14}.Debug|Any CPU.Build.0 = Debug|Any CPU
		{CAAF7DF3-067A-48C7-BD09-3BC90BEB1A14}.Release|Any CPU.ActiveCfg = Release|Any CPU
		{CAAF7DF3-067A-48C7-BD09-3BC90BEB1A14}.Release|Any CPU.Build.0 = Release|Any CPU
	EndGlobalSection
	GlobalSection(SolutionProperties) = preSolution
		HideSolutionNode = FALSE
	EndGlobalSection
EndGlobal
